Microsoft Visual Studio Solution File, Format Version 12.00
# Visual Studio Version 17
VisualStudioVersion = 17.5.2.0
MinimumVisualStudioVersion = 10.0.40219.1
Project("{FAE04EC0-301F-11D3-BF4B-00C04F79EFBC}") = "TradingSignalsApi", "TradingSignalsApi.csproj", "{527F26A2-B53B-95B2-3FE2-249D6FA12683}"
EndProject
Global
	GlobalSection(SolutionConfigurationPlatforms) = preSolution
		Debug|Any CPU = Debug|Any CPU
		Release|Any CPU = Release|Any CPU
	EndGlobalSection
	GlobalSection(ProjectConfigurationPlatforms) = postSolution
		{527F26A2-B53B-95B2-3FE2-249D6FA12683}.Debug|Any CPU.ActiveCfg = Debug|Any CPU
		{527F26A2-B53B-95B2-3FE2-249D6FA12683}.Debug|Any CPU.Build.0 = Debug|Any CPU
		{527F26A2-B53B-95B2-3FE2-249D6FA12683}.Release|Any CPU.ActiveCfg = Release|Any CPU
		{527F26A2-B53B-95B2-3FE2-249D6FA12683}.Release|Any CPU.Build.0 = Release|Any CPU
	EndGlobalSection
	GlobalSection(SolutionProperties) = preSolution
		HideSolutionNode = FALSE
	EndGlobalSection
	GlobalSection(ExtensibilityGlobals) = postSolution
		SolutionGuid = {8B22C1C0-AD73-4215-BBE8-88B1B629DCA1}
	EndGlobalSection
EndGlobal
